// !$*UTF8*$!
{
	archiveVersion = 1;
	classes = {
	};
	objectVersion = 50;
	objects = {

/* Begin PBXBuildFile section */
		3B03067F25E4F168000506A7 /* AppDelegate.swift in Sources */ = {isa = PBXBuildFile; fileRef = 3B03067E25E4F168000506A7 /* AppDelegate.swift */; };
		3B03068125E4F168000506A7 /* GameViewController.swift in Sources */ = {isa = PBXBuildFile; fileRef = 3B03068025E4F168000506A7 /* GameViewController.swift */; };
		3B03068425E4F168000506A7 /* Main.storyboard in Resources */ = {isa = PBXBuildFile; fileRef = 3B03068225E4F168000506A7 /* Main.storyboard */; };
		3B03068725E4F168000506A7 /* LaunchScreen.storyboard in Resources */ = {isa = PBXBuildFile; fileRef = 3B03068525E4F168000506A7 /* LaunchScreen.storyboard */; };
		3B03068C25E4F168000506A7 /* MinuteRepeaterWatch.app in Embed Watch Content */ = {isa = PBXBuildFile; fileRef = 3B03068B25E4F168000506A7 /* MinuteRepeaterWatch.app */; settings = {ATTRIBUTES = (RemoveHeadersOnCopy, ); }; };
		3B03069225E4F168000506A7 /* Interface.storyboard in Resources */ = {isa = PBXBuildFile; fileRef = 3B03069025E4F168000506A7 /* Interface.storyboard */; };
		3B03069925E4F168000506A7 /* MinuteRepeaterWatch Extension.appex in Embed App Extensions */ = {isa = PBXBuildFile; fileRef = 3B03069825E4F168000506A7 /* MinuteRepeaterWatch Extension.appex */; settings = {ATTRIBUTES = (RemoveHeadersOnCopy, ); }; };
		3B03069E25E4F168000506A7 /* InterfaceController.swift in Sources */ = {isa = PBXBuildFile; fileRef = 3B03069D25E4F168000506A7 /* InterfaceController.swift */; };
		3B0306A025E4F168000506A7 /* ExtensionDelegate.swift in Sources */ = {isa = PBXBuildFile; fileRef = 3B03069F25E4F168000506A7 /* ExtensionDelegate.swift */; };
		3B0306A225E4F168000506A7 /* Actions.sks in Resources */ = {isa = PBXBuildFile; fileRef = 3B03067325E4F163000506A7 /* Actions.sks */; };
		3B0306A325E4F168000506A7 /* GameScene.sks in Resources */ = {isa = PBXBuildFile; fileRef = 3B03067425E4F163000506A7 /* GameScene.sks */; };
		3B0306A425E4F168000506A7 /* GameScene.sks in Resources */ = {isa = PBXBuildFile; fileRef = 3B03067425E4F163000506A7 /* GameScene.sks */; };
		3B0306A525E4F168000506A7 /* GameScene.swift in Sources */ = {isa = PBXBuildFile; fileRef = 3B03067525E4F163000506A7 /* GameScene.swift */; };
		3B0306A625E4F168000506A7 /* GameScene.swift in Sources */ = {isa = PBXBuildFile; fileRef = 3B03067525E4F163000506A7 /* GameScene.swift */; };
		3B0306A725E4F168000506A7 /* Assets.xcassets in Resources */ = {isa = PBXBuildFile; fileRef = 3B03067625E4F168000506A7 /* Assets.xcassets */; };
		3B0306A825E4F168000506A7 /* Assets.xcassets in Resources */ = {isa = PBXBuildFile; fileRef = 3B03067625E4F168000506A7 /* Assets.xcassets */; };
		3B0306BB25E4F8AB000506A7 /* high.wav in Resources */ = {isa = PBXBuildFile; fileRef = 3B0306B925E4F8AB000506A7 /* high.wav */; };
		3B0306BC25E4F8AB000506A7 /* low.wav in Resources */ = {isa = PBXBuildFile; fileRef = 3B0306BA25E4F8AB000506A7 /* low.wav */; };
/* End PBXBuildFile section */

/* Begin PBXContainerItemProxy section */
		3B03068D25E4F168000506A7 /* PBXContainerItemProxy */ = {
			isa = PBXContainerItemProxy;
			containerPortal = 3B03066E25E4F163000506A7 /* Project object */;
			proxyType = 1;
			remoteGlobalIDString = 3B03068A25E4F168000506A7;
			remoteInfo = "MinuteRepeaterWatch watchOS App";
		};
		3B03069A25E4F168000506A7 /* PBXContainerItemProxy */ = {
			isa = PBXContainerItemProxy;
			containerPortal = 3B03066E25E4F163000506A7 /* Project object */;
			proxyType = 1;
			remoteGlobalIDString = 3B03069725E4F168000506A7;
			remoteInfo = "MinuteRepeaterWatch watchOS App Extension";
		};
/* End PBXContainerItemProxy section */

/* Begin PBXCopyFilesBuildPhase section */
		3B0306AE25E4F168000506A7 /* Embed App Extensions */ = {
			isa = PBXCopyFilesBuildPhase;
			buildActionMask = 2147483647;
			dstPath = "";
			dstSubfolderSpec = 13;
			files = (
				3B03069925E4F168000506A7 /* MinuteRepeaterWatch Extension.appex in Embed App Extensions */,
			);
			name = "Embed App Extensions";
			runOnlyForDeploymentPostprocessing = 0;
		};
		3B0306B225E4F168000506A7 /* Embed Watch Content */ = {
			isa = PBXCopyFilesBuildPhase;
			buildActionMask = 2147483647;
			dstPath = "$(CONTENTS_FOLDER_PATH)/Watch";
			dstSubfolderSpec = 16;
			files = (
				3B03068C25E4F168000506A7 /* MinuteRepeaterWatch.app in Embed Watch Content */,
			);
			name = "Embed Watch Content";
			runOnlyForDeploymentPostprocessing = 0;
		};
/* End PBXCopyFilesBuildPhase section */

/* Begin PBXFileReference section */
		3B03067325E4F163000506A7 /* Actions.sks */ = {isa = PBXFileReference; lastKnownFileType = file.sks; path = Actions.sks; sourceTree = "<group>"; };
		3B03067425E4F163000506A7 /* GameScene.sks */ = {isa = PBXFileReference; lastKnownFileType = file.sks; path = GameScene.sks; sourceTree = "<group>"; };
		3B03067525E4F163000506A7 /* GameScene.swift */ = {isa = PBXFileReference; lastKnownFileType = sourcecode.swift; path = GameScene.swift; sourceTree = "<group>"; };
		3B03067625E4F168000506A7 /* Assets.xcassets */ = {isa = PBXFileReference; lastKnownFileType = folder.assetcatalog; path = Assets.xcassets; sourceTree = "<group>"; };
		3B03067B25E4F168000506A7 /* MinuteRepeaterWatch.app */ = {isa = PBXFileReference; explicitFileType = wrapper.application; includeInIndex = 0; path = MinuteRepeaterWatch.app; sourceTree = BUILT_PRODUCTS_DIR; };
		3B03067E25E4F168000506A7 /* AppDelegate.swift */ = {isa = PBXFileReference; lastKnownFileType = sourcecode.swift; path = AppDelegate.swift; sourceTree = "<group>"; };
		3B03068025E4F168000506A7 /* GameViewController.swift */ = {isa = PBXFileReference; lastKnownFileType = sourcecode.swift; path = GameViewController.swift; sourceTree = "<group>"; };
		3B03068325E4F168000506A7 /* Base */ = {isa = PBXFileReference; lastKnownFileType = file.storyboard; name = Base; path = Base.lproj/Main.storyboard; sourceTree = "<group>"; };
		3B03068625E4F168000506A7 /* Base */ = {isa = PBXFileReference; lastKnownFileType = file.storyboard; name = Base; path = Base.lproj/LaunchScreen.storyboard; sourceTree = "<group>"; };
		3B03068825E4F168000506A7 /* Info.plist */ = {isa = PBXFileReference; lastKnownFileType = text.plist.xml; path = Info.plist; sourceTree = "<group>"; };
		3B03068B25E4F168000506A7 /* MinuteRepeaterWatch.app */ = {isa = PBXFileReference; explicitFileType = wrapper.application; includeInIndex = 0; path = MinuteRepeaterWatch.app; sourceTree = BUILT_PRODUCTS_DIR; };
		3B03069125E4F168000506A7 /* Base */ = {isa = PBXFileReference; lastKnownFileType = file.storyboard; name = Base; path = Base.lproj/Interface.storyboard; sourceTree = "<group>"; };
		3B03069325E4F168000506A7 /* Info.plist */ = {isa = PBXFileReference; lastKnownFileType = text.plist.xml; path = Info.plist; sourceTree = "<group>"; };
		3B03069825E4F168000506A7 /* MinuteRepeaterWatch Extension.appex */ = {isa = PBXFileReference; explicitFileType = "wrapper.app-extension"; includeInIndex = 0; path = "MinuteRepeaterWatch Extension.appex"; sourceTree = BUILT_PRODUCTS_DIR; };
		3B03069D25E4F168000506A7 /* InterfaceController.swift */ = {isa = PBXFileReference; lastKnownFileType = sourcecode.swift; path = InterfaceController.swift; sourceTree = "<group>"; };
		3B03069F25E4F168000506A7 /* ExtensionDelegate.swift */ = {isa = PBXFileReference; lastKnownFileType = sourcecode.swift; path = ExtensionDelegate.swift; sourceTree = "<group>"; };
		3B0306A125E4F168000506A7 /* Info.plist */ = {isa = PBXFileReference; lastKnownFileType = text.plist.xml; path = Info.plist; sourceTree = "<group>"; };
		3B0306B925E4F8AB000506A7 /* high.wav */ = {isa = PBXFileReference; lastKnownFileType = audio.wav; path = high.wav; sourceTree = "<group>"; };
		3B0306BA25E4F8AB000506A7 /* low.wav */ = {isa = PBXFileReference; lastKnownFileType = audio.wav; path = low.wav; sourceTree = "<group>"; };
/* End PBXFileReference section */

/* Begin PBXFrameworksBuildPhase section */
		3B03067825E4F168000506A7 /* Frameworks */ = {
			isa = PBXFrameworksBuildPhase;
			buildActionMask = 2147483647;
			files = (
			);
			runOnlyForDeploymentPostprocessing = 0;
		};
		3B03069525E4F168000506A7 /* Frameworks */ = {
			isa = PBXFrameworksBuildPhase;
			buildActionMask = 2147483647;
			files = (
			);
			runOnlyForDeploymentPostprocessing = 0;
		};
/* End PBXFrameworksBuildPhase section */

/* Begin PBXGroup section */
		3B03066D25E4F163000506A7 = {
			isa = PBXGroup;
			children = (
				3B03067225E4F163000506A7 /* MinuteRepeaterWatch Shared */,
				3B03067D25E4F168000506A7 /* MinuteRepeaterWatch iOS */,
				3B03068F25E4F168000506A7 /* MinuteRepeaterWatch watchOS App */,
				3B03069C25E4F168000506A7 /* MinuteRepeaterWatch watchOS App Extension */,
				3B03067C25E4F168000506A7 /* Products */,
			);
			sourceTree = "<group>";
		};
		3B03067225E4F163000506A7 /* MinuteRepeaterWatch Shared */ = {
			isa = PBXGroup;
			children = (
				3B03067325E4F163000506A7 /* Actions.sks */,
				3B03067425E4F163000506A7 /* GameScene.sks */,
				3B03067525E4F163000506A7 /* GameScene.swift */,
				3B03067625E4F168000506A7 /* Assets.xcassets */,
			);
			path = "MinuteRepeaterWatch Shared";
			sourceTree = "<group>";
		};
		3B03067C25E4F168000506A7 /* Products */ = {
			isa = PBXGroup;
			children = (
				3B03067B25E4F168000506A7 /* MinuteRepeaterWatch.app */,
				3B03068B25E4F168000506A7 /* MinuteRepeaterWatch.app */,
				3B03069825E4F168000506A7 /* MinuteRepeaterWatch Extension.appex */,
			);
			name = Products;
			sourceTree = "<group>";
		};
		3B03067D25E4F168000506A7 /* MinuteRepeaterWatch iOS */ = {
			isa = PBXGroup;
			children = (
				3B03067E25E4F168000506A7 /* AppDelegate.swift */,
				3B03068025E4F168000506A7 /* GameViewController.swift */,
				3B03068225E4F168000506A7 /* Main.storyboard */,
				3B03068525E4F168000506A7 /* LaunchScreen.storyboard */,
				3B03068825E4F168000506A7 /* Info.plist */,
			);
			path = "MinuteRepeaterWatch iOS";
			sourceTree = "<group>";
		};
		3B03068F25E4F168000506A7 /* MinuteRepeaterWatch watchOS App */ = {
			isa = PBXGroup;
			children = (
				3B03069025E4F168000506A7 /* Interface.storyboard */,
				3B03069325E4F168000506A7 /* Info.plist */,
			);
			path = "MinuteRepeaterWatch watchOS App";
			sourceTree = "<group>";
		};
		3B03069C25E4F168000506A7 /* MinuteRepeaterWatch watchOS App Extension */ = {
			isa = PBXGroup;
			children = (
				3B03069D25E4F168000506A7 /* InterfaceController.swift */,
				3B03069F25E4F168000506A7 /* ExtensionDelegate.swift */,
				3B0306A125E4F168000506A7 /* Info.plist */,
				3B0306B925E4F8AB000506A7 /* high.wav */,
				3B0306BA25E4F8AB000506A7 /* low.wav */,
			);
			path = "MinuteRepeaterWatch watchOS App Extension";
			sourceTree = "<group>";
		};
/* End PBXGroup section */

/* Begin PBXNativeTarget section */
		3B03067A25E4F168000506A7 /* MinuteRepeaterWatch iOS */ = {
			isa = PBXNativeTarget;
			buildConfigurationList = 3B0306B325E4F168000506A7 /* Build configuration list for PBXNativeTarget "MinuteRepeaterWatch iOS" */;
			buildPhases = (
				3B03067725E4F168000506A7 /* Sources */,
				3B03067825E4F168000506A7 /* Frameworks */,
				3B03067925E4F168000506A7 /* Resources */,
				3B0306B225E4F168000506A7 /* Embed Watch Content */,
			);
			buildRules = (
			);
			dependencies = (
				3B03068E25E4F168000506A7 /* PBXTargetDependency */,
			);
			name = "MinuteRepeaterWatch iOS";
			productName = "MinuteRepeaterWatch iOS";
			productReference = 3B03067B25E4F168000506A7 /* MinuteRepeaterWatch.app */;
			productType = "com.apple.product-type.application";
		};
		3B03068A25E4F168000506A7 /* MinuteRepeaterWatch watchOS App */ = {
			isa = PBXNativeTarget;
			buildConfigurationList = 3B0306AF25E4F168000506A7 /* Build configuration list for PBXNativeTarget "MinuteRepeaterWatch watchOS App" */;
			buildPhases = (
				3B03068925E4F168000506A7 /* Resources */,
				3B0306AE25E4F168000506A7 /* Embed App Extensions */,
			);
			buildRules = (
			);
			dependencies = (
				3B03069B25E4F168000506A7 /* PBXTargetDependency */,
			);
			name = "MinuteRepeaterWatch watchOS App";
			productName = "MinuteRepeaterWatch watchOS App";
			productReference = 3B03068B25E4F168000506A7 /* MinuteRepeaterWatch.app */;
			productType = "com.apple.product-type.application.watchapp2";
		};
		3B03069725E4F168000506A7 /* MinuteRepeaterWatch watchOS App Extension */ = {
			isa = PBXNativeTarget;
			buildConfigurationList = 3B0306AB25E4F168000506A7 /* Build configuration list for PBXNativeTarget "MinuteRepeaterWatch watchOS App Extension" */;
			buildPhases = (
				3B03069425E4F168000506A7 /* Sources */,
				3B03069525E4F168000506A7 /* Frameworks */,
				3B03069625E4F168000506A7 /* Resources */,
			);
			buildRules = (
			);
			dependencies = (
			);
			name = "MinuteRepeaterWatch watchOS App Extension";
			productName = "MinuteRepeaterWatch watchOS App Extension";
			productReference = 3B03069825E4F168000506A7 /* MinuteRepeaterWatch Extension.appex */;
			productType = "com.apple.product-type.watchkit2-extension";
		};
/* End PBXNativeTarget section */

/* Begin PBXProject section */
		3B03066E25E4F163000506A7 /* Project object */ = {
			isa = PBXProject;
			attributes = {
				LastSwiftUpdateCheck = 1210;
				LastUpgradeCheck = 1210;
				TargetAttributes = {
					3B03067A25E4F168000506A7 = {
						CreatedOnToolsVersion = 12.1;
					};
					3B03068A25E4F168000506A7 = {
						CreatedOnToolsVersion = 12.1;
					};
					3B03069725E4F168000506A7 = {
						CreatedOnToolsVersion = 12.1;
					};
				};
			};
			buildConfigurationList = 3B03067125E4F163000506A7 /* Build configuration list for PBXProject "MinuteRepeaterWatch" */;
			compatibilityVersion = "Xcode 9.3";
			developmentRegion = en;
			hasScannedForEncodings = 0;
			knownRegions = (
				en,
				Base,
			);
			mainGroup = 3B03066D25E4F163000506A7;
			productRefGroup = 3B03067C25E4F168000506A7 /* Products */;
			projectDirPath = "";
			projectRoot = "";
			targets = (
				3B03067A25E4F168000506A7 /* MinuteRepeaterWatch iOS */,
				3B03068A25E4F168000506A7 /* MinuteRepeaterWatch watchOS App */,
				3B03069725E4F168000506A7 /* MinuteRepeaterWatch watchOS App Extension */,
			);
		};
/* End PBXProject section */

/* Begin PBXResourcesBuildPhase section */
		3B03067925E4F168000506A7 /* Resources */ = {
			isa = PBXResourcesBuildPhase;
			buildActionMask = 2147483647;
			files = (
				3B0306A325E4F168000506A7 /* GameScene.sks in Resources */,
				3B03068425E4F168000506A7 /* Main.storyboard in Resources */,
				3B0306A225E4F168000506A7 /* Actions.sks in Resources */,
				3B03068725E4F168000506A7 /* LaunchScreen.storyboard in Resources */,
				3B0306A725E4F168000506A7 /* Assets.xcassets in Resources */,
			);
			runOnlyForDeploymentPostprocessing = 0;
		};
		3B03068925E4F168000506A7 /* Resources */ = {
			isa = PBXResourcesBuildPhase;
			buildActionMask = 2147483647;
			files = (
				3B0306A825E4F168000506A7 /* Assets.xcassets in Resources */,
				3B03069225E4F168000506A7 /* Interface.storyboard in Resources */,
			);
			runOnlyForDeploymentPostprocessing = 0;
		};
		3B03069625E4F168000506A7 /* Resources */ = {
			isa = PBXResourcesBuildPhase;
			buildActionMask = 2147483647;
			files = (
				3B0306BC25E4F8AB000506A7 /* low.wav in Resources */,
				3B0306BB25E4F8AB000506A7 /* high.wav in Resources */,
				3B0306A425E4F168000506A7 /* GameScene.sks in Resources */,
			);
			runOnlyForDeploymentPostprocessing = 0;
		};
/* End PBXResourcesBuildPhase section */

/* Begin PBXSourcesBuildPhase section */
		3B03067725E4F168000506A7 /* Sources */ = {
			isa = PBXSourcesBuildPhase;
			buildActionMask = 2147483647;
			files = (
				3B0306A525E4F168000506A7 /* GameScene.swift in Sources */,
				3B03068125E4F168000506A7 /* GameViewController.swift in Sources */,
				3B03067F25E4F168000506A7 /* AppDelegate.swift in Sources */,
			);
			runOnlyForDeploymentPostprocessing = 0;
		};
		3B03069425E4F168000506A7 /* Sources */ = {
			isa = PBXSourcesBuildPhase;
			buildActionMask = 2147483647;
			files = (
				3B0306A625E4F168000506A7 /* GameScene.swift in Sources */,
				3B0306A025E4F168000506A7 /* ExtensionDelegate.swift in Sources */,
				3B03069E25E4F168000506A7 /* InterfaceController.swift in Sources */,
			);
			runOnlyForDeploymentPostprocessing = 0;
		};
/* End PBXSourcesBuildPhase section */

/* Begin PBXTargetDependency section */
		3B03068E25E4F168000506A7 /* PBXTargetDependency */ = {
			isa = PBXTargetDependency;
			target = 3B03068A25E4F168000506A7 /* MinuteRepeaterWatch watchOS App */;
			targetProxy = 3B03068D25E4F168000506A7 /* PBXContainerItemProxy */;
		};
		3B03069B25E4F168000506A7 /* PBXTargetDependency */ = {
			isa = PBXTargetDependency;
			target = 3B03069725E4F168000506A7 /* MinuteRepeaterWatch watchOS App Extension */;
			targetProxy = 3B03069A25E4F168000506A7 /* PBXContainerItemProxy */;
		};
/* End PBXTargetDependency section */

/* Begin PBXVariantGroup section */
		3B03068225E4F168000506A7 /* Main.storyboard */ = {
			isa = PBXVariantGroup;
			children = (
				3B03068325E4F168000506A7 /* Base */,
			);
			name = Main.storyboard;
			sourceTree = "<group>";
		};
		3B03068525E4F168000506A7 /* LaunchScreen.storyboard */ = {
			isa = PBXVariantGroup;
			children = (
				3B03068625E4F168000506A7 /* Base */,
			);
			name = LaunchScreen.storyboard;
			sourceTree = "<group>";
		};
		3B03069025E4F168000506A7 /* Interface.storyboard */ = {
			isa = PBXVariantGroup;
			children = (
				3B03069125E4F168000506A7 /* Base */,
			);
			name = Interface.storyboard;
			sourceTree = "<group>";
		};
/* End PBXVariantGroup section */

/* Begin XCBuildConfiguration section */
		3B0306A925E4F168000506A7 /* Debug */ = {
			isa = XCBuildConfiguration;
			buildSettings = {
				ALWAYS_SEARCH_USER_PATHS = NO;
				CLANG_ANALYZER_NONNULL = YES;
				CLANG_ANALYZER_NUMBER_OBJECT_CONVERSION = YES_AGGRESSIVE;
				CLANG_CXX_LANGUAGE_STANDARD = "gnu++14";
				CLANG_CXX_LIBRARY = "libc++";
				CLANG_ENABLE_MODULES = YES;
				CLANG_ENABLE_OBJC_ARC = YES;
				CLANG_ENABLE_OBJC_WEAK = YES;
				CLANG_WARN_BLOCK_CAPTURE_AUTORELEASING = YES;
				CLANG_WARN_BOOL_CONVERSION = YES;
				CLANG_WARN_COMMA = YES;
				CLANG_WARN_CONSTANT_CONVERSION = YES;
				CLANG_WARN_DEPRECATED_OBJC_IMPLEMENTATIONS = YES;
				CLANG_WARN_DIRECT_OBJC_ISA_USAGE = YES_ERROR;
				CLANG_WARN_DOCUMENTATION_COMMENTS = YES;
				CLANG_WARN_EMPTY_BODY = YES;
				CLANG_WARN_ENUM_CONVERSION = YES;
				CLANG_WARN_INFINITE_RECURSION = YES;
				CLANG_WARN_INT_CONVERSION = YES;
				CLANG_WARN_NON_LITERAL_NULL_CONVERSION = YES;
				CLANG_WARN_OBJC_IMPLICIT_RETAIN_SELF = YES;
				CLANG_WARN_OBJC_LITERAL_CONVERSION = YES;
				CLANG_WARN_OBJC_ROOT_CLASS = YES_ERROR;
				CLANG_WARN_QUOTED_INCLUDE_IN_FRAMEWORK_HEADER = YES;
				CLANG_WARN_RANGE_LOOP_ANALYSIS = YES;
				CLANG_WARN_STRICT_PROTOTYPES = YES;
				CLANG_WARN_SUSPICIOUS_MOVE = YES;
				CLANG_WARN_UNGUARDED_AVAILABILITY = YES_AGGRESSIVE;
				CLANG_WARN_UNREACHABLE_CODE = YES;
				CLANG_WARN__DUPLICATE_METHOD_MATCH = YES;
				COPY_PHASE_STRIP = NO;
				DEBUG_INFORMATION_FORMAT = dwarf;
				ENABLE_STRICT_OBJC_MSGSEND = YES;
				ENABLE_TESTABILITY = YES;
				GCC_C_LANGUAGE_STANDARD = gnu11;
				GCC_DYNAMIC_NO_PIC = NO;
				GCC_NO_COMMON_BLOCKS = YES;
				GCC_OPTIMIZATION_LEVEL = 0;
				GCC_PREPROCESSOR_DEFINITIONS = (
					"DEBUG=1",
					"$(inherited)",
				);
				GCC_WARN_64_TO_32_BIT_CONVERSION = YES;
				GCC_WARN_ABOUT_RETURN_TYPE = YES_ERROR;
				GCC_WARN_UNDECLARED_SELECTOR = YES;
				GCC_WARN_UNINITIALIZED_AUTOS = YES_AGGRESSIVE;
				GCC_WARN_UNUSED_FUNCTION = YES;
				GCC_WARN_UNUSED_VARIABLE = YES;
				MTL_ENABLE_DEBUG_INFO = INCLUDE_SOURCE;
				MTL_FAST_MATH = YES;
				ONLY_ACTIVE_ARCH = YES;
				SWIFT_ACTIVE_COMPILATION_CONDITIONS = DEBUG;
				SWIFT_OPTIMIZATION_LEVEL = "-Onone";
			};
			name = Debug;
		};
		3B0306AA25E4F168000506A7 /* Release */ = {
			isa = XCBuildConfiguration;
			buildSettings = {
				ALWAYS_SEARCH_USER_PATHS = NO;
				CLANG_ANALYZER_NONNULL = YES;
				CLANG_ANALYZER_NUMBER_OBJECT_CONVERSION = YES_AGGRESSIVE;
				CLANG_CXX_LANGUAGE_STANDARD = "gnu++14";
				CLANG_CXX_LIBRARY = "libc++";
				CLANG_ENABLE_MODULES = YES;
				CLANG_ENABLE_OBJC_ARC = YES;
				CLANG_ENABLE_OBJC_WEAK = YES;
				CLANG_WARN_BLOCK_CAPTURE_AUTORELEASING = YES;
				CLANG_WARN_BOOL_CONVERSION = YES;
				CLANG_WARN_COMMA = YES;
				CLANG_WARN_CONSTANT_CONVERSION = YES;
				CLANG_WARN_DEPRECATED_OBJC_IMPLEMENTATIONS = YES;
				CLANG_WARN_DIRECT_OBJC_ISA_USAGE = YES_ERROR;
				CLANG_WARN_DOCUMENTATION_COMMENTS = YES;
				CLANG_WARN_EMPTY_BODY = YES;
				CLANG_WARN_ENUM_CONVERSION = YES;
				CLANG_WARN_INFINITE_RECURSION = YES;
				CLANG_WARN_INT_CONVERSION = YES;
				CLANG_WARN_NON_LITERAL_NULL_CONVERSION = YES;
				CLANG_WARN_OBJC_IMPLICIT_RETAIN_SELF = YES;
				CLANG_WARN_OBJC_LITERAL_CONVERSION = YES;
				CLANG_WARN_OBJC_ROOT_CLASS = YES_ERROR;
				CLANG_WARN_QUOTED_INCLUDE_IN_FRAMEWORK_HEADER = YES;
				CLANG_WARN_RANGE_LOOP_ANALYSIS = YES;
				CLANG_WARN_STRICT_PROTOTYPES = YES;
				CLANG_WARN_SUSPICIOUS_MOVE = YES;
				CLANG_WARN_UNGUARDED_AVAILABILITY = YES_AGGRESSIVE;
				CLANG_WARN_UNREACHABLE_CODE = YES;
				CLANG_WARN__DUPLICATE_METHOD_MATCH = YES;
				COPY_PHASE_STRIP = NO;
				DEBUG_INFORMATION_FORMAT = "dwarf-with-dsym";
				ENABLE_NS_ASSERTIONS = NO;
				ENABLE_STRICT_OBJC_MSGSEND = YES;
				GCC_C_LANGUAGE_STANDARD = gnu11;
				GCC_NO_COMMON_BLOCKS = YES;
				GCC_WARN_64_TO_32_BIT_CONVERSION = YES;
				GCC_WARN_ABOUT_RETURN_TYPE = YES_ERROR;
				GCC_WARN_UNDECLARED_SELECTOR = YES;
				GCC_WARN_UNINITIALIZED_AUTOS = YES_AGGRESSIVE;
				GCC_WARN_UNUSED_FUNCTION = YES;
				GCC_WARN_UNUSED_VARIABLE = YES;
				MTL_ENABLE_DEBUG_INFO = NO;
				MTL_FAST_MATH = YES;
				SWIFT_COMPILATION_MODE = wholemodule;
				SWIFT_OPTIMIZATION_LEVEL = "-O";
			};
			name = Release;
		};
		3B0306AC25E4F168000506A7 /* Debug */ = {
			isa = XCBuildConfiguration;
			buildSettings = {
				CODE_SIGN_STYLE = Automatic;
				DEVELOPMENT_TEAM = MZS6GWM7ZN;
				INFOPLIST_FILE = "MinuteRepeaterWatch watchOS App Extension/Info.plist";
				LD_RUNPATH_SEARCH_PATHS = (
					"$(inherited)",
					"@executable_path/Frameworks",
					"@executable_path/../../Frameworks",
				);
				PRODUCT_BUNDLE_IDENTIFIER = com.antk.MinuteRepeaterWatch.watchkitapp.watchkitextension;
				PRODUCT_NAME = "MinuteRepeaterWatch Extension";
				SDKROOT = watchos;
				SKIP_INSTALL = YES;
				SWIFT_VERSION = 5.0;
				TARGETED_DEVICE_FAMILY = 4;
				WATCHOS_DEPLOYMENT_TARGET = 7.0;
			};
			name = Debug;
		};
		3B0306AD25E4F168000506A7 /* Release */ = {
			isa = XCBuildConfiguration;
			buildSettings = {
				CODE_SIGN_STYLE = Automatic;
				DEVELOPMENT_TEAM = MZS6GWM7ZN;
				INFOPLIST_FILE = "MinuteRepeaterWatch watchOS App Extension/Info.plist";
				LD_RUNPATH_SEARCH_PATHS = (
					"$(inherited)",
					"@executable_path/Frameworks",
					"@executable_path/../../Frameworks",
				);
				PRODUCT_BUNDLE_IDENTIFIER = com.antk.MinuteRepeaterWatch.watchkitapp.watchkitextension;
				PRODUCT_NAME = "MinuteRepeaterWatch Extension";
				SDKROOT = watchos;
				SKIP_INSTALL = YES;
				SWIFT_VERSION = 5.0;
				TARGETED_DEVICE_FAMILY = 4;
				VALIDATE_PRODUCT = YES;
				WATCHOS_DEPLOYMENT_TARGET = 7.0;
			};
			name = Release;
		};
		3B0306B025E4F168000506A7 /* Debug */ = {
			isa = XCBuildConfiguration;
			buildSettings = {
				ALWAYS_EMBED_SWIFT_STANDARD_LIBRARIES = YES;
				ASSETCATALOG_COMPILER_APPICON_NAME = AppIcon;
				ASSETCATALOG_COMPILER_GLOBAL_ACCENT_COLOR_NAME = AccentColor;
				CODE_SIGN_STYLE = Automatic;
				DEVELOPMENT_TEAM = MZS6GWM7ZN;
				IBSC_MODULE = MinuteRepeaterWatch_Extension;
				INFOPLIST_FILE = "MinuteRepeaterWatch watchOS App/Info.plist";
				PRODUCT_BUNDLE_IDENTIFIER = com.antk.MinuteRepeaterWatch.watchkitapp;
				PRODUCT_NAME = MinuteRepeaterWatch;
				SDKROOT = watchos;
				SKIP_INSTALL = YES;
				SWIFT_VERSION = 5.0;
				TARGETED_DEVICE_FAMILY = 4;
				WATCHOS_DEPLOYMENT_TARGET = 7.0;
			};
			name = Debug;
		};
		3B0306B125E4F168000506A7 /* Release */ = {
			isa = XCBuildConfiguration;
			buildSettings = {
				ALWAYS_EMBED_SWIFT_STANDARD_LIBRARIES = YES;
				ASSETCATALOG_COMPILER_APPICON_NAME = AppIcon;
				ASSETCATALOG_COMPILER_GLOBAL_ACCENT_COLOR_NAME = AccentColor;
				CODE_SIGN_STYLE = Automatic;
				DEVELOPMENT_TEAM = MZS6GWM7ZN;
				IBSC_MODULE = MinuteRepeaterWatch_Extension;
				INFOPLIST_FILE = "MinuteRepeaterWatch watchOS App/Info.plist";
				PRODUCT_BUNDLE_IDENTIFIER = com.antk.MinuteRepeaterWatch.watchkitapp;
				PRODUCT_NAME = MinuteRepeaterWatch;
				SDKROOT = watchos;
				SKIP_INSTALL = YES;
				SWIFT_VERSION = 5.0;
				TARGETED_DEVICE_FAMILY = 4;
				VALIDATE_PRODUCT = YES;
				WATCHOS_DEPLOYMENT_TARGET = 7.0;
			};
			name = Release;
		};
		3B0306B425E4F168000506A7 /* Debug */ = {
			isa = XCBuildConfiguration;
			buildSettings = {
				ASSETCATALOG_COMPILER_APPICON_NAME = AppIcon;
				ASSETCATALOG_COMPILER_GLOBAL_ACCENT_COLOR_NAME = AccentColor;
				CODE_SIGN_STYLE = Automatic;
				DEVELOPMENT_TEAM = MZS6GWM7ZN;
				INFOPLIST_FILE = "MinuteRepeaterWatch iOS/Info.plist";
				IPHONEOS_DEPLOYMENT_TARGET = 14.1;
				LD_RUNPATH_SEARCH_PATHS = (
					"$(inherited)",
					"@executable_path/Frameworks",
				);
				PRODUCT_BUNDLE_IDENTIFIER = com.antk.MinuteRepeaterWatch;
				PRODUCT_NAME = MinuteRepeaterWatch;
				SDKROOT = iphoneos;
				SWIFT_VERSION = 5.0;
				TARGETED_DEVICE_FAMILY = "1,2";
			};
			name = Debug;
		};
		3B0306B525E4F168000506A7 /* Release */ = {
			isa = XCBuildConfiguration;
			buildSettings = {
				ASSETCATALOG_COMPILER_APPICON_NAME = AppIcon;
				ASSETCATALOG_COMPILER_GLOBAL_ACCENT_COLOR_NAME = AccentColor;
				CODE_SIGN_STYLE = Automatic;
				DEVELOPMENT_TEAM = MZS6GWM7ZN;
				INFOPLIST_FILE = "MinuteRepeaterWatch iOS/Info.plist";
				IPHONEOS_DEPLOYMENT_TARGET = 14.1;
				LD_RUNPATH_SEARCH_PATHS = (
					"$(inherited)",
					"@executable_path/Frameworks",
				);
				PRODUCT_BUNDLE_IDENTIFIER = com.antk.MinuteRepeaterWatch;
				PRODUCT_NAME = MinuteRepeaterWatch;
				SDKROOT = iphoneos;
				SWIFT_VERSION = 5.0;
				TARGETED_DEVICE_FAMILY = "1,2";
				VALIDATE_PRODUCT = YES;
			};
			name = Release;
		};
/* End XCBuildConfiguration section */

/* Begin XCConfigurationList section */
		3B03067125E4F163000506A7 /* Build configuration list for PBXProject "MinuteRepeaterWatch" */ = {
			isa = XCConfigurationList;
			buildConfigurations = (
				3B0306A925E4F168000506A7 /* Debug */,
				3B0306AA25E4F168000506A7 /* Release */,
			);
			defaultConfigurationIsVisible = 0;
			defaultConfigurationName = Release;
		};
		3B0306AB25E4F168000506A7 /* Build configuration list for PBXNativeTarget "MinuteRepeaterWatch watchOS App Extension" */ = {
			isa = XCConfigurationList;
			buildConfigurations = (
				3B0306AC25E4F168000506A7 /* Debug */,
				3B0306AD25E4F168000506A7 /* Release */,
			);
			defaultConfigurationIsVisible = 0;
			defaultConfigurationName = Release;
		};
		3B0306AF25E4F168000506A7 /* Build configuration list for PBXNativeTarget "MinuteRepeaterWatch watchOS App" */ = {
			isa = XCConfigurationList;
			buildConfigurations = (
				3B0306B025E4F168000506A7 /* Debug */,
				3B0306B125E4F168000506A7 /* Release */,
			);
			defaultConfigurationIsVisible = 0;
			defaultConfigurationName = Release;
		};
		3B0306B325E4F168000506A7 /* Build configuration list for PBXNativeTarget "MinuteRepeaterWatch iOS" */ = {
			isa = XCConfigurationList;
			buildConfigurations = (
				3B0306B425E4F168000506A7 /* Debug */,
				3B0306B525E4F168000506A7 /* Release */,
			);
			defaultConfigurationIsVisible = 0;
			defaultConfigurationName = Release;
		};
/* End XCConfigurationList section */
	};
	rootObject = 3B03066E25E4F163000506A7 /* Project object */;
}
